# @generated by Move, please check-in and do not edit manually.

[move]
version = 3
manifest_digest = "911CE08F61BF0945CF70F1185D94AC9CB32916BE6E2D53951758617EE48F6FDE"
deps_digest = "F8BBB0CCB2491CA29A3DF03D6F92277A4F3574266507ACD77214D37ECA3F3082"
dependencies = [
  { id = "Sui", name = "Sui" },
]

[[move.package]]
id = "MoveStdlib"
source = { git = "https://github.com/MystenLabs/sui.git", rev = "framework/mainnet", subdir = "crates/sui-framework/packages/move-stdlib" }

[[move.package]]
id = "Sui"
source = { git = "https://github.com/MystenLabs/sui.git", rev = "framework/mainnet", subdir = "crates/sui-framework/packages/sui-framework" }

dependencies = [
  { id = "MoveStdlib", name = "MoveStdlib" },
]

[move.toolchain-version]
compiler-version = "1.36.2"
edition = "2024.beta"
flavor = "sui"

[env]

[env.mainnet]
chain-id = "35834a8a"
original-published-id = "0xc61eb8e8dcb3b1d00477e2aa208c483c541de62a0041aafe4a72b36d0badd9ee"
latest-published-id = "0xc61eb8e8dcb3b1d00477e2aa208c483c541de62a0041aafe4a72b36d0badd9ee"
published-version = "1"
